// !$*UTF8*$!
{
	archiveVersion = 1;
	classes = {
	};
	objectVersion = 46;
	objects = {

/* Begin PBXBuildFile section */
		D606BED21D72E3F100C29723 /* AppDelegate.swift in Sources */ = {isa = PBXBuildFile; fileRef = D606BED11D72E3F100C29723 /* AppDelegate.swift */; };
		D606BED41D72E3F100C29723 /* ViewController.swift in Sources */ = {isa = PBXBuildFile; fileRef = D606BED31D72E3F100C29723 /* ViewController.swift */; };
		D606BED71D72E3F100C29723 /* Main.storyboard in Resources */ = {isa = PBXBuildFile; fileRef = D606BED51D72E3F100C29723 /* Main.storyboard */; };
		D606BED91D72E3F100C29723 /* Assets.xcassets in Resources */ = {isa = PBXBuildFile; fileRef = D606BED81D72E3F100C29723 /* Assets.xcassets */; };
		D606BEDC1D72E3F100C29723 /* LaunchScreen.storyboard in Resources */ = {isa = PBXBuildFile; fileRef = D606BEDA1D72E3F100C29723 /* LaunchScreen.storyboard */; };
		D606BEE11D72E3F100C29723 /* DemoApp WatchKit App.app in Embed Watch Content */ = {isa = PBXBuildFile; fileRef = D606BEE01D72E3F100C29723 /* DemoApp WatchKit App.app */; };
		D606BEE71D72E3F100C29723 /* Interface.storyboard in Resources */ = {isa = PBXBuildFile; fileRef = D606BEE51D72E3F100C29723 /* Interface.storyboard */; };
		D606BEE91D72E3F100C29723 /* Assets.xcassets in Resources */ = {isa = PBXBuildFile; fileRef = D606BEE81D72E3F100C29723 /* Assets.xcassets */; };
		D606BEF01D72E3F200C29723 /* DemoApp WatchKit Extension.appex in Embed App Extensions */ = {isa = PBXBuildFile; fileRef = D606BEEF1D72E3F200C29723 /* DemoApp WatchKit Extension.appex */; settings = {ATTRIBUTES = (RemoveHeadersOnCopy, ); }; };
		D606BEF71D72E3F200C29723 /* InterfaceController.swift in Sources */ = {isa = PBXBuildFile; fileRef = D606BEF61D72E3F200C29723 /* InterfaceController.swift */; };
		D606BEF91D72E3F200C29723 /* ExtensionDelegate.swift in Sources */ = {isa = PBXBuildFile; fileRef = D606BEF81D72E3F200C29723 /* ExtensionDelegate.swift */; };
		D606BEFB1D72E3F200C29723 /* NotificationController.swift in Sources */ = {isa = PBXBuildFile; fileRef = D606BEFA1D72E3F200C29723 /* NotificationController.swift */; };
		D606BEFD1D72E3F200C29723 /* Assets.xcassets in Resources */ = {isa = PBXBuildFile; fileRef = D606BEFC1D72E3F200C29723 /* Assets.xcassets */; };
/* End PBXBuildFile section */

/* Begin PBXContainerItemProxy section */
		D606BEE21D72E3F100C29723 /* PBXContainerItemProxy */ = {
			isa = PBXContainerItemProxy;
			containerPortal = D606BEC61D72E3F100C29723 /* Project object */;
			proxyType = 1;
			remoteGlobalIDString = D606BEDF1D72E3F100C29723;
			remoteInfo = "DemoApp WatchKit App";
		};
		D606BEF11D72E3F200C29723 /* PBXContainerItemProxy */ = {
			isa = PBXContainerItemProxy;
			containerPortal = D606BEC61D72E3F100C29723 /* Project object */;
			proxyType = 1;
			remoteGlobalIDString = D606BEEE1D72E3F200C29723;
			remoteInfo = "DemoApp WatchKit Extension";
		};
/* End PBXContainerItemProxy section */

/* Begin PBXCopyFilesBuildPhase section */
		D606BF041D72E3F200C29723 /* Embed App Extensions */ = {
			isa = PBXCopyFilesBuildPhase;
			buildActionMask = 2147483647;
			dstPath = "";
			dstSubfolderSpec = 13;
			files = (
				D606BEF01D72E3F200C29723 /* DemoApp WatchKit Extension.appex in Embed App Extensions */,
			);
			name = "Embed App Extensions";
			runOnlyForDeploymentPostprocessing = 0;
		};
		D606BF081D72E3F200C29723 /* Embed Watch Content */ = {
			isa = PBXCopyFilesBuildPhase;
			buildActionMask = 2147483647;
			dstPath = "$(CONTENTS_FOLDER_PATH)/Watch";
			dstSubfolderSpec = 16;
			files = (
				D606BEE11D72E3F100C29723 /* DemoApp WatchKit App.app in Embed Watch Content */,
			);
			name = "Embed Watch Content";
			runOnlyForDeploymentPostprocessing = 0;
		};
/* End PBXCopyFilesBuildPhase section */

/* Begin PBXFileReference section */
		D606BECE1D72E3F100C29723 /* DemoApp.app */ = {isa = PBXFileReference; explicitFileType = wrapper.application; includeInIndex = 0; path = DemoApp.app; sourceTree = BUILT_PRODUCTS_DIR; };
		D606BED11D72E3F100C29723 /* AppDelegate.swift */ = {isa = PBXFileReference; lastKnownFileType = sourcecode.swift; path = AppDelegate.swift; sourceTree = "<group>"; };
		D606BED31D72E3F100C29723 /* ViewController.swift */ = {isa = PBXFileReference; lastKnownFileType = sourcecode.swift; path = ViewController.swift; sourceTree = "<group>"; };
		D606BED61D72E3F100C29723 /* Base */ = {isa = PBXFileReference; lastKnownFileType = file.storyboard; name = Base; path = Base.lproj/Main.storyboard; sourceTree = "<group>"; };
		D606BED81D72E3F100C29723 /* Assets.xcassets */ = {isa = PBXFileReference; lastKnownFileType = folder.assetcatalog; path = Assets.xcassets; sourceTree = "<group>"; };
		D606BEDB1D72E3F100C29723 /* Base */ = {isa = PBXFileReference; lastKnownFileType = file.storyboard; name = Base; path = Base.lproj/LaunchScreen.storyboard; sourceTree = "<group>"; };
		D606BEDD1D72E3F100C29723 /* Info.plist */ = {isa = PBXFileReference; lastKnownFileType = text.plist.xml; path = Info.plist; sourceTree = "<group>"; };
		D606BEE01D72E3F100C29723 /* DemoApp WatchKit App.app */ = {isa = PBXFileReference; explicitFileType = wrapper.application; includeInIndex = 0; path = "DemoApp WatchKit App.app"; sourceTree = BUILT_PRODUCTS_DIR; };
		D606BEE61D72E3F100C29723 /* Base */ = {isa = PBXFileReference; lastKnownFileType = file.storyboard; name = Base; path = Base.lproj/Interface.storyboard; sourceTree = "<group>"; };
		D606BEE81D72E3F100C29723 /* Assets.xcassets */ = {isa = PBXFileReference; lastKnownFileType = folder.assetcatalog; path = Assets.xcassets; sourceTree = "<group>"; };
		D606BEEA1D72E3F100C29723 /* Info.plist */ = {isa = PBXFileReference; lastKnownFileType = text.plist.xml; path = Info.plist; sourceTree = "<group>"; };
		D606BEEF1D72E3F200C29723 /* DemoApp WatchKit Extension.appex */ = {isa = PBXFileReference; explicitFileType = "wrapper.app-extension"; includeInIndex = 0; path = "DemoApp WatchKit Extension.appex"; sourceTree = BUILT_PRODUCTS_DIR; };
		D606BEF51D72E3F200C29723 /* PushNotificationPayload.apns */ = {isa = PBXFileReference; lastKnownFileType = text; path = PushNotificationPayload.apns; sourceTree = "<group>"; };
		D606BEF61D72E3F200C29723 /* InterfaceController.swift */ = {isa = PBXFileReference; lastKnownFileType = sourcecode.swift; path = InterfaceController.swift; sourceTree = "<group>"; };
		D606BEF81D72E3F200C29723 /* ExtensionDelegate.swift */ = {isa = PBXFileReference; lastKnownFileType = sourcecode.swift; path = ExtensionDelegate.swift; sourceTree = "<group>"; };
		D606BEFA1D72E3F200C29723 /* NotificationController.swift */ = {isa = PBXFileReference; lastKnownFileType = sourcecode.swift; path = NotificationController.swift; sourceTree = "<group>"; };
		D606BEFC1D72E3F200C29723 /* Assets.xcassets */ = {isa = PBXFileReference; lastKnownFileType = folder.assetcatalog; path = Assets.xcassets; sourceTree = "<group>"; };
		D606BEFE1D72E3F200C29723 /* Info.plist */ = {isa = PBXFileReference; lastKnownFileType = text.plist.xml; path = Info.plist; sourceTree = "<group>"; };
/* End PBXFileReference section */

/* Begin PBXFrameworksBuildPhase section */
		D606BECB1D72E3F100C29723 /* Frameworks */ = {
			isa = PBXFrameworksBuildPhase;
			buildActionMask = 2147483647;
			files = (
			);
			runOnlyForDeploymentPostprocessing = 0;
		};
		D606BEEC1D72E3F200C29723 /* Frameworks */ = {
			isa = PBXFrameworksBuildPhase;
			buildActionMask = 2147483647;
			files = (
			);
			runOnlyForDeploymentPostprocessing = 0;
		};
/* End PBXFrameworksBuildPhase section */

/* Begin PBXGroup section */
		D606BEC51D72E3F100C29723 = {
			isa = PBXGroup;
			children = (
				D606BED01D72E3F100C29723 /* DemoApp */,
				D606BEE41D72E3F100C29723 /* DemoApp WatchKit App */,
				D606BEF31D72E3F200C29723 /* DemoApp WatchKit Extension */,
				D606BECF1D72E3F100C29723 /* Products */,
			);
			sourceTree = "<group>";
		};
		D606BECF1D72E3F100C29723 /* Products */ = {
			isa = PBXGroup;
			children = (
				D606BECE1D72E3F100C29723 /* DemoApp.app */,
				D606BEE01D72E3F100C29723 /* DemoApp WatchKit App.app */,
				D606BEEF1D72E3F200C29723 /* DemoApp WatchKit Extension.appex */,
			);
			name = Products;
			sourceTree = "<group>";
		};
		D606BED01D72E3F100C29723 /* DemoApp */ = {
			isa = PBXGroup;
			children = (
				D606BED11D72E3F100C29723 /* AppDelegate.swift */,
				D606BED31D72E3F100C29723 /* ViewController.swift */,
				D606BED51D72E3F100C29723 /* Main.storyboard */,
				D606BED81D72E3F100C29723 /* Assets.xcassets */,
				D606BEDA1D72E3F100C29723 /* LaunchScreen.storyboard */,
				D606BEDD1D72E3F100C29723 /* Info.plist */,
			);
			path = DemoApp;
			sourceTree = "<group>";
		};
		D606BEE41D72E3F100C29723 /* DemoApp WatchKit App */ = {
			isa = PBXGroup;
			children = (
				D606BEE51D72E3F100C29723 /* Interface.storyboard */,
				D606BEE81D72E3F100C29723 /* Assets.xcassets */,
				D606BEEA1D72E3F100C29723 /* Info.plist */,
			);
			path = "DemoApp WatchKit App";
			sourceTree = "<group>";
		};
		D606BEF31D72E3F200C29723 /* DemoApp WatchKit Extension */ = {
			isa = PBXGroup;
			children = (
				D606BEF61D72E3F200C29723 /* InterfaceController.swift */,
				D606BEF81D72E3F200C29723 /* ExtensionDelegate.swift */,
				D606BEFA1D72E3F200C29723 /* NotificationController.swift */,
				D606BEFC1D72E3F200C29723 /* Assets.xcassets */,
				D606BEFE1D72E3F200C29723 /* Info.plist */,
				D606BEF41D72E3F200C29723 /* Supporting Files */,
			);
			path = "DemoApp WatchKit Extension";
			sourceTree = "<group>";
		};
		D606BEF41D72E3F200C29723 /* Supporting Files */ = {
			isa = PBXGroup;
			children = (
				D606BEF51D72E3F200C29723 /* PushNotificationPayload.apns */,
			);
			name = "Supporting Files";
			sourceTree = "<group>";
		};
/* End PBXGroup section */

/* Begin PBXNativeTarget section */
		D606BECD1D72E3F100C29723 /* DemoApp */ = {
			isa = PBXNativeTarget;
			buildConfigurationList = D606BF091D72E3F200C29723 /* Build configuration list for PBXNativeTarget "DemoApp" */;
			buildPhases = (
				D606BECA1D72E3F100C29723 /* Sources */,
				D606BECB1D72E3F100C29723 /* Frameworks */,
				D606BECC1D72E3F100C29723 /* Resources */,
				D606BF081D72E3F200C29723 /* Embed Watch Content */,
			);
			buildRules = (
			);
			dependencies = (
				D606BEE31D72E3F100C29723 /* PBXTargetDependency */,
			);
			name = DemoApp;
			productName = DemoApp;
			productReference = D606BECE1D72E3F100C29723 /* DemoApp.app */;
			productType = "com.apple.product-type.application";
		};
		D606BEDF1D72E3F100C29723 /* DemoApp WatchKit App */ = {
			isa = PBXNativeTarget;
			buildConfigurationList = D606BF051D72E3F200C29723 /* Build configuration list for PBXNativeTarget "DemoApp WatchKit App" */;
			buildPhases = (
				D606BEDE1D72E3F100C29723 /* Resources */,
				D606BF041D72E3F200C29723 /* Embed App Extensions */,
			);
			buildRules = (
			);
			dependencies = (
				D606BEF21D72E3F200C29723 /* PBXTargetDependency */,
			);
			name = "DemoApp WatchKit App";
			productName = "DemoApp WatchKit App";
			productReference = D606BEE01D72E3F100C29723 /* DemoApp WatchKit App.app */;
			productType = "com.apple.product-type.application.watchapp2";
		};
		D606BEEE1D72E3F200C29723 /* DemoApp WatchKit Extension */ = {
			isa = PBXNativeTarget;
			buildConfigurationList = D606BF011D72E3F200C29723 /* Build configuration list for PBXNativeTarget "DemoApp WatchKit Extension" */;
			buildPhases = (
				D606BEEB1D72E3F200C29723 /* Sources */,
				D606BEEC1D72E3F200C29723 /* Frameworks */,
				D606BEED1D72E3F200C29723 /* Resources */,
			);
			buildRules = (
			);
			dependencies = (
			);
			name = "DemoApp WatchKit Extension";
			productName = "DemoApp WatchKit Extension";
			productReference = D606BEEF1D72E3F200C29723 /* DemoApp WatchKit Extension.appex */;
			productType = "com.apple.product-type.watchkit2-extension";
		};
/* End PBXNativeTarget section */

/* Begin PBXProject section */
		D606BEC61D72E3F100C29723 /* Project object */ = {
			isa = PBXProject;
			attributes = {
				LastSwiftUpdateCheck = 0800;
				LastUpgradeCheck = 0800;
				ORGANIZATIONNAME = TigerSpike;
				TargetAttributes = {
					D606BECD1D72E3F100C29723 = {
						CreatedOnToolsVersion = 8.0;
						DevelopmentTeam = A6LZH3M2NF;
						LastSwiftMigration = 0800;
						ProvisioningStyle = Manual;
					};
					D606BEDF1D72E3F100C29723 = {
						CreatedOnToolsVersion = 8.0;
						DevelopmentTeam = A6LZH3M2NF;
						LastSwiftMigration = 0800;
						ProvisioningStyle = Manual;
					};
					D606BEEE1D72E3F200C29723 = {
						CreatedOnToolsVersion = 8.0;
						DevelopmentTeam = A6LZH3M2NF;
						LastSwiftMigration = 0800;
						ProvisioningStyle = Manual;
					};
				};
			};
			buildConfigurationList = D606BEC91D72E3F100C29723 /* Build configuration list for PBXProject "DemoApp" */;
			compatibilityVersion = "Xcode 3.2";
			developmentRegion = English;
			hasScannedForEncodings = 0;
			knownRegions = (
				en,
				Base,
			);
			mainGroup = D606BEC51D72E3F100C29723;
			productRefGroup = D606BECF1D72E3F100C29723 /* Products */;
			projectDirPath = "";
			projectRoot = "";
			targets = (
				D606BECD1D72E3F100C29723 /* DemoApp */,
				D606BEDF1D72E3F100C29723 /* DemoApp WatchKit App */,
				D606BEEE1D72E3F200C29723 /* DemoApp WatchKit Extension */,
			);
		};
/* End PBXProject section */

/* Begin PBXResourcesBuildPhase section */
		D606BECC1D72E3F100C29723 /* Resources */ = {
			isa = PBXResourcesBuildPhase;
			buildActionMask = 2147483647;
			files = (
				D606BEDC1D72E3F100C29723 /* LaunchScreen.storyboard in Resources */,
				D606BED91D72E3F100C29723 /* Assets.xcassets in Resources */,
				D606BED71D72E3F100C29723 /* Main.storyboard in Resources */,
			);
			runOnlyForDeploymentPostprocessing = 0;
		};
		D606BEDE1D72E3F100C29723 /* Resources */ = {
			isa = PBXResourcesBuildPhase;
			buildActionMask = 2147483647;
			files = (
				D606BEE91D72E3F100C29723 /* Assets.xcassets in Resources */,
				D606BEE71D72E3F100C29723 /* Interface.storyboard in Resources */,
			);
			runOnlyForDeploymentPostprocessing = 0;
		};
		D606BEED1D72E3F200C29723 /* Resources */ = {
			isa = PBXResourcesBuildPhase;
			buildActionMask = 2147483647;
			files = (
				D606BEFD1D72E3F200C29723 /* Assets.xcassets in Resources */,
			);
			runOnlyForDeploymentPostprocessing = 0;
		};
/* End PBXResourcesBuildPhase section */

/* Begin PBXSourcesBuildPhase section */
		D606BECA1D72E3F100C29723 /* Sources */ = {
			isa = PBXSourcesBuildPhase;
			buildActionMask = 2147483647;
			files = (
				D606BED41D72E3F100C29723 /* ViewController.swift in Sources */,
				D606BED21D72E3F100C29723 /* AppDelegate.swift in Sources */,
			);
			runOnlyForDeploymentPostprocessing = 0;
		};
		D606BEEB1D72E3F200C29723 /* Sources */ = {
			isa = PBXSourcesBuildPhase;
			buildActionMask = 2147483647;
			files = (
				D606BEFB1D72E3F200C29723 /* NotificationController.swift in Sources */,
				D606BEF91D72E3F200C29723 /* ExtensionDelegate.swift in Sources */,
				D606BEF71D72E3F200C29723 /* InterfaceController.swift in Sources */,
			);
			runOnlyForDeploymentPostprocessing = 0;
		};
/* End PBXSourcesBuildPhase section */

/* Begin PBXTargetDependency section */
		D606BEE31D72E3F100C29723 /* PBXTargetDependency */ = {
			isa = PBXTargetDependency;
			target = D606BEDF1D72E3F100C29723 /* DemoApp WatchKit App */;
			targetProxy = D606BEE21D72E3F100C29723 /* PBXContainerItemProxy */;
		};
		D606BEF21D72E3F200C29723 /* PBXTargetDependency */ = {
			isa = PBXTargetDependency;
			target = D606BEEE1D72E3F200C29723 /* DemoApp WatchKit Extension */;
			targetProxy = D606BEF11D72E3F200C29723 /* PBXContainerItemProxy */;
		};
/* End PBXTargetDependency section */

/* Begin PBXVariantGroup section */
		D606BED51D72E3F100C29723 /* Main.storyboard */ = {
			isa = PBXVariantGroup;
			children = (
				D606BED61D72E3F100C29723 /* Base */,
			);
			name = Main.storyboard;
			sourceTree = "<group>";
		};
		D606BEDA1D72E3F100C29723 /* LaunchScreen.storyboard */ = {
			isa = PBXVariantGroup;
			children = (
				D606BEDB1D72E3F100C29723 /* Base */,
			);
			name = LaunchScreen.storyboard;
			sourceTree = "<group>";
		};
		D606BEE51D72E3F100C29723 /* Interface.storyboard */ = {
			isa = PBXVariantGroup;
			children = (
				D606BEE61D72E3F100C29723 /* Base */,
			);
			name = Interface.storyboard;
			sourceTree = "<group>";
		};
/* End PBXVariantGroup section */

/* Begin XCBuildConfiguration section */
		D606BEFF1D72E3F200C29723 /* Debug */ = {
			isa = XCBuildConfiguration;
			buildSettings = {
				ALWAYS_SEARCH_USER_PATHS = NO;
				CLANG_ANALYZER_NONNULL = YES;
				CLANG_CXX_LANGUAGE_STANDARD = "gnu++0x";
				CLANG_CXX_LIBRARY = "libc++";
				CLANG_ENABLE_MODULES = YES;
				CLANG_ENABLE_OBJC_ARC = YES;
				CLANG_WARN_BOOL_CONVERSION = YES;
				CLANG_WARN_CONSTANT_CONVERSION = YES;
				CLANG_WARN_DIRECT_OBJC_ISA_USAGE = YES_ERROR;
				CLANG_WARN_DOCUMENTATION_COMMENTS = YES;
				CLANG_WARN_EMPTY_BODY = YES;
				CLANG_WARN_ENUM_CONVERSION = YES;
				CLANG_WARN_INFINITE_RECURSION = YES;
				CLANG_WARN_INT_CONVERSION = YES;
				CLANG_WARN_OBJC_ROOT_CLASS = YES_ERROR;
				CLANG_WARN_SUSPICIOUS_MOVES = YES;
				CLANG_WARN_UNREACHABLE_CODE = YES;
				CLANG_WARN__DUPLICATE_METHOD_MATCH = YES;
				"CODE_SIGN_IDENTITY[sdk=iphoneos*]" = "iPhone Developer";
				COPY_PHASE_STRIP = NO;
				DEBUG_INFORMATION_FORMAT = dwarf;
				ENABLE_STRICT_OBJC_MSGSEND = YES;
				ENABLE_TESTABILITY = YES;
				GCC_C_LANGUAGE_STANDARD = gnu99;
				GCC_DYNAMIC_NO_PIC = NO;
				GCC_NO_COMMON_BLOCKS = YES;
				GCC_OPTIMIZATION_LEVEL = 0;
				GCC_PREPROCESSOR_DEFINITIONS = (
					"DEBUG=1",
					"$(inherited)",
				);
				GCC_WARN_64_TO_32_BIT_CONVERSION = YES;
				GCC_WARN_ABOUT_RETURN_TYPE = YES_ERROR;
				GCC_WARN_UNDECLARED_SELECTOR = YES;
				GCC_WARN_UNINITIALIZED_AUTOS = YES_AGGRESSIVE;
				GCC_WARN_UNUSED_FUNCTION = YES;
				GCC_WARN_UNUSED_VARIABLE = YES;
				IPHONEOS_DEPLOYMENT_TARGET = 10.0;
				MTL_ENABLE_DEBUG_INFO = YES;
				ONLY_ACTIVE_ARCH = YES;
				SDKROOT = iphoneos;
				SWIFT_ACTIVE_COMPILATION_CONDITIONS = DEBUG;
				SWIFT_OPTIMIZATION_LEVEL = "-Onone";
			};
			name = Debug;
		};
		D606BF001D72E3F200C29723 /* Release */ = {
			isa = XCBuildConfiguration;
			buildSettings = {
				ALWAYS_SEARCH_USER_PATHS = NO;
				CLANG_ANALYZER_NONNULL = YES;
				CLANG_CXX_LANGUAGE_STANDARD = "gnu++0x";
				CLANG_CXX_LIBRARY = "libc++";
				CLANG_ENABLE_MODULES = YES;
				CLANG_ENABLE_OBJC_ARC = YES;
				CLANG_WARN_BOOL_CONVERSION = YES;
				CLANG_WARN_CONSTANT_CONVERSION = YES;
				CLANG_WARN_DIRECT_OBJC_ISA_USAGE = YES_ERROR;
				CLANG_WARN_DOCUMENTATION_COMMENTS = YES;
				CLANG_WARN_EMPTY_BODY = YES;
				CLANG_WARN_ENUM_CONVERSION = YES;
				CLANG_WARN_INFINITE_RECURSION = YES;
				CLANG_WARN_INT_CONVERSION = YES;
				CLANG_WARN_OBJC_ROOT_CLASS = YES_ERROR;
				CLANG_WARN_SUSPICIOUS_MOVES = YES;
				CLANG_WARN_UNREACHABLE_CODE = YES;
				CLANG_WARN__DUPLICATE_METHOD_MATCH = YES;
				"CODE_SIGN_IDENTITY[sdk=iphoneos*]" = "iPhone Developer";
				COPY_PHASE_STRIP = NO;
				DEBUG_INFORMATION_FORMAT = "dwarf-with-dsym";
				ENABLE_NS_ASSERTIONS = NO;
				ENABLE_STRICT_OBJC_MSGSEND = YES;
				GCC_C_LANGUAGE_STANDARD = gnu99;
				GCC_NO_COMMON_BLOCKS = YES;
				GCC_WARN_64_TO_32_BIT_CONVERSION = YES;
				GCC_WARN_ABOUT_RETURN_TYPE = YES_ERROR;
				GCC_WARN_UNDECLARED_SELECTOR = YES;
				GCC_WARN_UNINITIALIZED_AUTOS = YES_AGGRESSIVE;
				GCC_WARN_UNUSED_FUNCTION = YES;
				GCC_WARN_UNUSED_VARIABLE = YES;
				IPHONEOS_DEPLOYMENT_TARGET = 10.0;
				MTL_ENABLE_DEBUG_INFO = NO;
				SDKROOT = iphoneos;
				SWIFT_OPTIMIZATION_LEVEL = "-Owholemodule";
				VALIDATE_PRODUCT = YES;
			};
			name = Release;
		};
		D606BF021D72E3F200C29723 /* Debug */ = {
			isa = XCBuildConfiguration;
			buildSettings = {
				ASSETCATALOG_COMPILER_COMPLICATION_NAME = Complication;
				"CODE_SIGN_IDENTITY[sdk=watchos*]" = "iPhone Distribution";
				DEVELOPMENT_TEAM = A6LZH3M2NF;
				INFOPLIST_FILE = "DemoApp WatchKit Extension/Info.plist";
				LD_RUNPATH_SEARCH_PATHS = "$(inherited) @executable_path/Frameworks @executable_path/../../Frameworks";
				PRODUCT_BUNDLE_IDENTIFIER = com.MyApps.DemoApp.watchkitAppExtension.watchkit;
				PRODUCT_NAME = "${TARGET_NAME}";
				PROVISIONING_PROFILE = "c1546f0f-ecab-4b6b-adfb-d463e218bbde";
				PROVISIONING_PROFILE_SPECIFIER = "WatchKit app extension embed in watch";
				SDKROOT = watchos;
				SKIP_INSTALL = YES;
				SWIFT_VERSION = 3.0;
				TARGETED_DEVICE_FAMILY = 4;
				WATCHOS_DEPLOYMENT_TARGET = 3.0;
			};
			name = Debug;
		};
		D606BF031D72E3F200C29723 /* Release */ = {
			isa = XCBuildConfiguration;
			buildSettings = {
				ASSETCATALOG_COMPILER_COMPLICATION_NAME = Complication;
				"CODE_SIGN_IDENTITY[sdk=watchos*]" = "iPhone Distribution";
				DEVELOPMENT_TEAM = A6LZH3M2NF;
				INFOPLIST_FILE = "DemoApp WatchKit Extension/Info.plist";
				LD_RUNPATH_SEARCH_PATHS = "$(inherited) @executable_path/Frameworks @executable_path/../../Frameworks";
				PRODUCT_BUNDLE_IDENTIFIER = com.MyApps.DemoApp.watchkitAppExtension.watchkit;
				PRODUCT_NAME = "${TARGET_NAME}";
				PROVISIONING_PROFILE = "c1546f0f-ecab-4b6b-adfb-d463e218bbde";
				PROVISIONING_PROFILE_SPECIFIER = "WatchKit app extension embed in watch";
				SDKROOT = watchos;
				SKIP_INSTALL = YES;
				SWIFT_VERSION = 3.0;
				TARGETED_DEVICE_FAMILY = 4;
				WATCHOS_DEPLOYMENT_TARGET = 3.0;
			};
			name = Release;
		};
		D606BF061D72E3F200C29723 /* Debug */ = {
			isa = XCBuildConfiguration;
			buildSettings = {
				ALWAYS_EMBED_SWIFT_STANDARD_LIBRARIES = YES;
				ASSETCATALOG_COMPILER_APPICON_NAME = AppIcon;
				"CODE_SIGN_IDENTITY[sdk=watchos*]" = "iPhone Distribution";
				DEVELOPMENT_TEAM = A6LZH3M2NF;
				IBSC_MODULE = DemoApp_WatchKit_Extension;
				INFOPLIST_FILE = "DemoApp WatchKit App/Info.plist";
				PRODUCT_BUNDLE_IDENTIFIER = com.MyApps.DemoApp.watchkitAppExtension;
				PRODUCT_NAME = "$(TARGET_NAME)";
				PROVISIONING_PROFILE = "ff70cac4-f6cc-4659-bb8a-d7726809fcb8";
				PROVISIONING_PROFILE_SPECIFIER = "Dist watchkitAppExtension";
				SDKROOT = watchos;
				SKIP_INSTALL = YES;
				SWIFT_VERSION = 3.0;
				TARGETED_DEVICE_FAMILY = 4;
				WATCHOS_DEPLOYMENT_TARGET = 3.0;
			};
			name = Debug;
		};
		D606BF071D72E3F200C29723 /* Release */ = {
			isa = XCBuildConfiguration;
			buildSettings = {
				ALWAYS_EMBED_SWIFT_STANDARD_LIBRARIES = YES;
				ASSETCATALOG_COMPILER_APPICON_NAME = AppIcon;
				"CODE_SIGN_IDENTITY[sdk=watchos*]" = "iPhone Distribution";
				DEVELOPMENT_TEAM = A6LZH3M2NF;
				IBSC_MODULE = DemoApp_WatchKit_Extension;
				INFOPLIST_FILE = "DemoApp WatchKit App/Info.plist";
				PRODUCT_BUNDLE_IDENTIFIER = com.MyApps.DemoApp.watchkitAppExtension;
				PRODUCT_NAME = "$(TARGET_NAME)";
				PROVISIONING_PROFILE = "ff70cac4-f6cc-4659-bb8a-d7726809fcb8";
				PROVISIONING_PROFILE_SPECIFIER = "Dist watchkitAppExtension";
				SDKROOT = watchos;
				SKIP_INSTALL = YES;
				SWIFT_VERSION = 3.0;
				TARGETED_DEVICE_FAMILY = 4;
				WATCHOS_DEPLOYMENT_TARGET = 3.0;
			};
			name = Release;
		};
		D606BF0A1D72E3F200C29723 /* Debug */ = {
			isa = XCBuildConfiguration;
			buildSettings = {
				ASSETCATALOG_COMPILER_APPICON_NAME = AppIcon;
				"CODE_SIGN_IDENTITY[sdk=iphoneos*]" = "iPhone Distribution";
				DEVELOPMENT_TEAM = A6LZH3M2NF;
				INFOPLIST_FILE = DemoApp/Info.plist;
				LD_RUNPATH_SEARCH_PATHS = "$(inherited) @executable_path/Frameworks";
				PRODUCT_BUNDLE_IDENTIFIER = com.MyApps.DemoApp;
				PRODUCT_NAME = "$(TARGET_NAME)";
				PROVISIONING_PROFILE = "8152e9a1-60eb-420a-9303-b74098ec8b1b";
				PROVISIONING_PROFILE_SPECIFIER = "MyApps - Adhoc Profile";
				SWIFT_VERSION = 3.0;
			};
			name = Debug;
		};
		D606BF0B1D72E3F200C29723 /* Release */ = {
			isa = XCBuildConfiguration;
			buildSettings = {
				ASSETCATALOG_COMPILER_APPICON_NAME = AppIcon;
				"CODE_SIGN_IDENTITY[sdk=iphoneos*]" = "iPhone Distribution";
				DEVELOPMENT_TEAM = A6LZH3M2NF;
				INFOPLIST_FILE = DemoApp/Info.plist;
				LD_RUNPATH_SEARCH_PATHS = "$(inherited) @executable_path/Frameworks";
				PRODUCT_BUNDLE_IDENTIFIER = com.MyApps.DemoApp;
				PRODUCT_NAME = "$(TARGET_NAME)";
				PROVISIONING_PROFILE = "8152e9a1-60eb-420a-9303-b74098ec8b1b";
				PROVISIONING_PROFILE_SPECIFIER = "MyApps - Adhoc Profile";
				SWIFT_VERSION = 3.0;
			};
			name = Release;
		};
/* End XCBuildConfiguration section */

/* Begin XCConfigurationList section */
		D606BEC91D72E3F100C29723 /* Build configuration list for PBXProject "DemoApp" */ = {
			isa = XCConfigurationList;
			buildConfigurations = (
				D606BEFF1D72E3F200C29723 /* Debug */,
				D606BF001D72E3F200C29723 /* Release */,
			);
			defaultConfigurationIsVisible = 0;
			defaultConfigurationName = Release;
		};
		D606BF011D72E3F200C29723 /* Build configuration list for PBXNativeTarget "DemoApp WatchKit Extension" */ = {
			isa = XCConfigurationList;
			buildConfigurations = (
				D606BF021D72E3F200C29723 /* Debug */,
				D606BF031D72E3F200C29723 /* Release */,
			);
			defaultConfigurationIsVisible = 0;
			defaultConfigurationName = Release;
		};
		D606BF051D72E3F200C29723 /* Build configuration list for PBXNativeTarget "DemoApp WatchKit App" */ = {
			isa = XCConfigurationList;
			buildConfigurations = (
				D606BF061D72E3F200C29723 /* Debug */,
				D606BF071D72E3F200C29723 /* Release */,
			);
			defaultConfigurationIsVisible = 0;
			defaultConfigurationName = Release;
		};
		D606BF091D72E3F200C29723 /* Build configuration list for PBXNativeTarget "DemoApp" */ = {
			isa = XCConfigurationList;
			buildConfigurations = (
				D606BF0A1D72E3F200C29723 /* Debug */,
				D606BF0B1D72E3F200C29723 /* Release */,
			);
			defaultConfigurationIsVisible = 0;
			defaultConfigurationName = Release;
		};
/* End XCConfigurationList section */
	};
	rootObject = D606BEC61D72E3F100C29723 /* Project object */;
}
